
Microsoft Visual Studio Solution File, Format Version 12.00
# Visual Studio 15
VisualStudioVersion = 15.0.26430.14
MinimumVisualStudioVersion = 10.0.40219.1
Project("{FAE04EC0-301F-11D3-BF4B-00C04F79EFBC}") = "todo", "src\todo.csproj", "{32FF143F-51B5-46F1-9D1F-038F12947B1C}"
EndProject
Project("{9A19103F-16F7-4668-BE54-9A1E7A4F7556}") = "Microsoft.Azure.Management.ResourceManager.Fluent", "..\..\..\src\ResourceManagement\ResourceManager\Microsoft.Azure.Management.ResourceManager.Fluent.csproj", "{C67BA3EC-F895-4232-91CD-6AF5F5847072}"
EndProject
Global
	GlobalSection(SolutionConfigurationPlatforms) = preSolution
		Debug|Any CPU = Debug|Any CPU
		Release|Any CPU = Release|Any CPU
	EndGlobalSection
	GlobalSection(ProjectConfigurationPlatforms) = postSolution
		{32FF143F-51B5-46F1-9D1F-038F12947B1C}.Debug|Any CPU.ActiveCfg = Debug|Any CPU
		{32FF143F-51B5-46F1-9D1F-038F12947B1C}.Debug|Any CPU.Build.0 = Debug|Any CPU
		{32FF143F-51B5-46F1-9D1F-038F12947B1C}.Release|Any CPU.ActiveCfg = Release|Any CPU
		{32FF143F-51B5-46F1-9D1F-038F12947B1C}.Release|Any CPU.Build.0 = Release|Any CPU
		{C67BA3EC-F895-4232-91CD-6AF5F5847072}.Debug|Any CPU.ActiveCfg = Debug|Any CPU
		{C67BA3EC-F895-4232-91CD-6AF5F5847072}.Debug|Any CPU.Build.0 = Debug|Any CPU
		{C67BA3EC-F895-4232-91CD-6AF5F5847072}.Release|Any CPU.ActiveCfg = Release|Any CPU
		{C67BA3EC-F895-4232-91CD-6AF5F5847072}.Release|Any CPU.Build.0 = Release|Any CPU
	EndGlobalSection
	GlobalSection(SolutionProperties) = preSolution
		HideSolutionNode = FALSE
	EndGlobalSection
EndGlobal
